// !$*UTF8*$!
{
	archiveVersion = 1;
	classes = {
	};
	objectVersion = 55;
	objects = {

/* Begin PBXBuildFile section */
		728BCB2227988C730055CE20 /* AfricaApp.swift in Sources */ = {isa = PBXBuildFile; fileRef = 728BCB2127988C730055CE20 /* AfricaApp.swift */; };
		728BCB2427988C730055CE20 /* ContentView.swift in Sources */ = {isa = PBXBuildFile; fileRef = 728BCB2327988C730055CE20 /* ContentView.swift */; };
		728BCB2627988C770055CE20 /* Assets.xcassets in Resources */ = {isa = PBXBuildFile; fileRef = 728BCB2527988C770055CE20 /* Assets.xcassets */; };
		728BCB2927988C770055CE20 /* Preview Assets.xcassets in Resources */ = {isa = PBXBuildFile; fileRef = 728BCB2827988C770055CE20 /* Preview Assets.xcassets */; };
		728BCB3A27991F9F0055CE20 /* hippo.mp4 in Resources */ = {isa = PBXBuildFile; fileRef = 728BCB3027991F9F0055CE20 /* hippo.mp4 */; };
		728BCB3B27991F9F0055CE20 /* lion.mp4 in Resources */ = {isa = PBXBuildFile; fileRef = 728BCB3127991F9F0055CE20 /* lion.mp4 */; };
		728BCB3C27991F9F0055CE20 /* elephant.mp4 in Resources */ = {isa = PBXBuildFile; fileRef = 728BCB3227991F9F0055CE20 /* elephant.mp4 */; };
		728BCB3D27991F9F0055CE20 /* giraffe.mp4 in Resources */ = {isa = PBXBuildFile; fileRef = 728BCB3327991F9F0055CE20 /* giraffe.mp4 */; };
		728BCB3E27991F9F0055CE20 /* cheetah.mp4 in Resources */ = {isa = PBXBuildFile; fileRef = 728BCB3427991F9F0055CE20 /* cheetah.mp4 */; };
		728BCB3F27991F9F0055CE20 /* lioness.mp4 in Resources */ = {isa = PBXBuildFile; fileRef = 728BCB3527991F9F0055CE20 /* lioness.mp4 */; };
		728BCB4027991F9F0055CE20 /* rhino.mp4 in Resources */ = {isa = PBXBuildFile; fileRef = 728BCB3627991F9F0055CE20 /* rhino.mp4 */; };
		728BCB4127991F9F0055CE20 /* ostrich.mp4 in Resources */ = {isa = PBXBuildFile; fileRef = 728BCB3727991F9F0055CE20 /* ostrich.mp4 */; };
		728BCB4227991F9F0055CE20 /* gorilla.mp4 in Resources */ = {isa = PBXBuildFile; fileRef = 728BCB3827991F9F0055CE20 /* gorilla.mp4 */; };
		728BCB4327991F9F0055CE20 /* zebra.mp4 in Resources */ = {isa = PBXBuildFile; fileRef = 728BCB3927991F9F0055CE20 /* zebra.mp4 */; };
		728BCB49279920190055CE20 /* videos.json in Resources */ = {isa = PBXBuildFile; fileRef = 728BCB45279920190055CE20 /* videos.json */; };
		728BCB4A279920190055CE20 /* animals.json in Resources */ = {isa = PBXBuildFile; fileRef = 728BCB46279920190055CE20 /* animals.json */; };
		728BCB4B279920190055CE20 /* locations.json in Resources */ = {isa = PBXBuildFile; fileRef = 728BCB47279920190055CE20 /* locations.json */; };
		728BCB4C279920190055CE20 /* covers.json in Resources */ = {isa = PBXBuildFile; fileRef = 728BCB48279920190055CE20 /* covers.json */; };
		728BCB50279924140055CE20 /* GalleryView.swift in Sources */ = {isa = PBXBuildFile; fileRef = 728BCB4F279924140055CE20 /* GalleryView.swift */; };
		728BCB52279924400055CE20 /* MapView.swift in Sources */ = {isa = PBXBuildFile; fileRef = 728BCB51279924400055CE20 /* MapView.swift */; };
		728BCB54279924700055CE20 /* VideoListView.swift in Sources */ = {isa = PBXBuildFile; fileRef = 728BCB53279924700055CE20 /* VideoListView.swift */; };
		728BCB562799248F0055CE20 /* MainView.swift in Sources */ = {isa = PBXBuildFile; fileRef = 728BCB552799248F0055CE20 /* MainView.swift */; };
/* End PBXBuildFile section */

/* Begin PBXFileReference section */
		728BCB1E27988C730055CE20 /* Africa.app */ = {isa = PBXFileReference; explicitFileType = wrapper.application; includeInIndex = 0; path = Africa.app; sourceTree = BUILT_PRODUCTS_DIR; };
		728BCB2127988C730055CE20 /* AfricaApp.swift */ = {isa = PBXFileReference; lastKnownFileType = sourcecode.swift; path = AfricaApp.swift; sourceTree = "<group>"; };
		728BCB2327988C730055CE20 /* ContentView.swift */ = {isa = PBXFileReference; lastKnownFileType = sourcecode.swift; path = ContentView.swift; sourceTree = "<group>"; };
		728BCB2527988C770055CE20 /* Assets.xcassets */ = {isa = PBXFileReference; lastKnownFileType = folder.assetcatalog; path = Assets.xcassets; sourceTree = "<group>"; };
		728BCB2827988C770055CE20 /* Preview Assets.xcassets */ = {isa = PBXFileReference; lastKnownFileType = folder.assetcatalog; path = "Preview Assets.xcassets"; sourceTree = "<group>"; };
		728BCB3027991F9F0055CE20 /* hippo.mp4 */ = {isa = PBXFileReference; lastKnownFileType = file; name = hippo.mp4; path = "../../../../../../../Volumes/Hard/[FreeCourseSite.com] Udemy - SwiftUI Masterclass Course - iOS Development with Swift/03 AFRICA - iOS 14 App with SwiftUI 2 and Xcode 12/SWIFTUI-APP-AFRICA-UPDATED/Resources/video/hippo.mp4"; sourceTree = "<group>"; };
		728BCB3127991F9F0055CE20 /* lion.mp4 */ = {isa = PBXFileReference; lastKnownFileType = file; name = lion.mp4; path = "../../../../../../../Volumes/Hard/[FreeCourseSite.com] Udemy - SwiftUI Masterclass Course - iOS Development with Swift/03 AFRICA - iOS 14 App with SwiftUI 2 and Xcode 12/SWIFTUI-APP-AFRICA-UPDATED/Resources/video/lion.mp4"; sourceTree = "<group>"; };
		728BCB3227991F9F0055CE20 /* elephant.mp4 */ = {isa = PBXFileReference; lastKnownFileType = file; name = elephant.mp4; path = "../../../../../../../Volumes/Hard/[FreeCourseSite.com] Udemy - SwiftUI Masterclass Course - iOS Development with Swift/03 AFRICA - iOS 14 App with SwiftUI 2 and Xcode 12/SWIFTUI-APP-AFRICA-UPDATED/Resources/video/elephant.mp4"; sourceTree = "<group>"; };
		728BCB3327991F9F0055CE20 /* giraffe.mp4 */ = {isa = PBXFileReference; lastKnownFileType = file; name = giraffe.mp4; path = "../../../../../../../Volumes/Hard/[FreeCourseSite.com] Udemy - SwiftUI Masterclass Course - iOS Development with Swift/03 AFRICA - iOS 14 App with SwiftUI 2 and Xcode 12/SWIFTUI-APP-AFRICA-UPDATED/Resources/video/giraffe.mp4"; sourceTree = "<group>"; };
		728BCB3427991F9F0055CE20 /* cheetah.mp4 */ = {isa = PBXFileReference; lastKnownFileType = file; name = cheetah.mp4; path = "../../../../../../../Volumes/Hard/[FreeCourseSite.com] Udemy - SwiftUI Masterclass Course - iOS Development with Swift/03 AFRICA - iOS 14 App with SwiftUI 2 and Xcode 12/SWIFTUI-APP-AFRICA-UPDATED/Resources/video/cheetah.mp4"; sourceTree = "<group>"; };
		728BCB3527991F9F0055CE20 /* lioness.mp4 */ = {isa = PBXFileReference; lastKnownFileType = file; name = lioness.mp4; path = "../../../../../../../Volumes/Hard/[FreeCourseSite.com] Udemy - SwiftUI Masterclass Course - iOS Development with Swift/03 AFRICA - iOS 14 App with SwiftUI 2 and Xcode 12/SWIFTUI-APP-AFRICA-UPDATED/Resources/video/lioness.mp4"; sourceTree = "<group>"; };
		728BCB3627991F9F0055CE20 /* rhino.mp4 */ = {isa = PBXFileReference; lastKnownFileType = file; name = rhino.mp4; path = "../../../../../../../Volumes/Hard/[FreeCourseSite.com] Udemy - SwiftUI Masterclass Course - iOS Development with Swift/03 AFRICA - iOS 14 App with SwiftUI 2 and Xcode 12/SWIFTUI-APP-AFRICA-UPDATED/Resources/video/rhino.mp4"; sourceTree = "<group>"; };
		728BCB3727991F9F0055CE20 /* ostrich.mp4 */ = {isa = PBXFileReference; lastKnownFileType = file; name = ostrich.mp4; path = "../../../../../../../Volumes/Hard/[FreeCourseSite.com] Udemy - SwiftUI Masterclass Course - iOS Development with Swift/03 AFRICA - iOS 14 App with SwiftUI 2 and Xcode 12/SWIFTUI-APP-AFRICA-UPDATED/Resources/video/ostrich.mp4"; sourceTree = "<group>"; };
		728BCB3827991F9F0055CE20 /* gorilla.mp4 */ = {isa = PBXFileReference; lastKnownFileType = file; name = gorilla.mp4; path = "../../../../../../../Volumes/Hard/[FreeCourseSite.com] Udemy - SwiftUI Masterclass Course - iOS Development with Swift/03 AFRICA - iOS 14 App with SwiftUI 2 and Xcode 12/SWIFTUI-APP-AFRICA-UPDATED/Resources/video/gorilla.mp4"; sourceTree = "<group>"; };
		728BCB3927991F9F0055CE20 /* zebra.mp4 */ = {isa = PBXFileReference; lastKnownFileType = file; name = zebra.mp4; path = "../../../../../../../Volumes/Hard/[FreeCourseSite.com] Udemy - SwiftUI Masterclass Course - iOS Development with Swift/03 AFRICA - iOS 14 App with SwiftUI 2 and Xcode 12/SWIFTUI-APP-AFRICA-UPDATED/Resources/video/zebra.mp4"; sourceTree = "<group>"; };
		728BCB45279920190055CE20 /* videos.json */ = {isa = PBXFileReference; fileEncoding = 4; lastKnownFileType = text.json; path = videos.json; sourceTree = "<group>"; };
		728BCB46279920190055CE20 /* animals.json */ = {isa = PBXFileReference; fileEncoding = 4; lastKnownFileType = text.json; path = animals.json; sourceTree = "<group>"; };
		728BCB47279920190055CE20 /* locations.json */ = {isa = PBXFileReference; fileEncoding = 4; lastKnownFileType = text.json; path = locations.json; sourceTree = "<group>"; };
		728BCB48279920190055CE20 /* covers.json */ = {isa = PBXFileReference; fileEncoding = 4; lastKnownFileType = text.json; path = covers.json; sourceTree = "<group>"; };
		728BCB4D279921A90055CE20 /* Info.plist */ = {isa = PBXFileReference; lastKnownFileType = text.plist; path = Info.plist; sourceTree = "<group>"; };
		728BCB4F279924140055CE20 /* GalleryView.swift */ = {isa = PBXFileReference; lastKnownFileType = sourcecode.swift; path = GalleryView.swift; sourceTree = "<group>"; };
		728BCB51279924400055CE20 /* MapView.swift */ = {isa = PBXFileReference; lastKnownFileType = sourcecode.swift; path = MapView.swift; sourceTree = "<group>"; };
		728BCB53279924700055CE20 /* VideoListView.swift */ = {isa = PBXFileReference; lastKnownFileType = sourcecode.swift; path = VideoListView.swift; sourceTree = "<group>"; };
		728BCB552799248F0055CE20 /* MainView.swift */ = {isa = PBXFileReference; lastKnownFileType = sourcecode.swift; path = MainView.swift; sourceTree = "<group>"; };
/* End PBXFileReference section */

/* Begin PBXFrameworksBuildPhase section */
		728BCB1B27988C730055CE20 /* Frameworks */ = {
			isa = PBXFrameworksBuildPhase;
			buildActionMask = 2147483647;
			files = (
			);
			runOnlyForDeploymentPostprocessing = 0;
		};
/* End PBXFrameworksBuildPhase section */

/* Begin PBXGroup section */
		728BCB1527988C730055CE20 = {
			isa = PBXGroup;
			children = (
				728BCB2027988C730055CE20 /* Africa */,
				728BCB1F27988C730055CE20 /* Products */,
			);
			sourceTree = "<group>";
		};
		728BCB1F27988C730055CE20 /* Products */ = {
			isa = PBXGroup;
			children = (
				728BCB1E27988C730055CE20 /* Africa.app */,
			);
			name = Products;
			sourceTree = "<group>";
		};
		728BCB2027988C730055CE20 /* Africa */ = {
			isa = PBXGroup;
			children = (
				728BCB4D279921A90055CE20 /* Info.plist */,
				728BCB44279920050055CE20 /* Data */,
				728BCB2F27991F810055CE20 /* Videos */,
				728BCB4E279923EB0055CE20 /* App */,
				728BCB2527988C770055CE20 /* Assets.xcassets */,
				728BCB2727988C770055CE20 /* Preview Content */,
			);
			path = Africa;
			sourceTree = "<group>";
		};
		728BCB2727988C770055CE20 /* Preview Content */ = {
			isa = PBXGroup;
			children = (
				728BCB2827988C770055CE20 /* Preview Assets.xcassets */,
			);
			path = "Preview Content";
			sourceTree = "<group>";
		};
		728BCB2F27991F810055CE20 /* Videos */ = {
			isa = PBXGroup;
			children = (
				728BCB3427991F9F0055CE20 /* cheetah.mp4 */,
				728BCB3227991F9F0055CE20 /* elephant.mp4 */,
				728BCB3327991F9F0055CE20 /* giraffe.mp4 */,
				728BCB3827991F9F0055CE20 /* gorilla.mp4 */,
				728BCB3027991F9F0055CE20 /* hippo.mp4 */,
				728BCB3127991F9F0055CE20 /* lion.mp4 */,
				728BCB3527991F9F0055CE20 /* lioness.mp4 */,
				728BCB3727991F9F0055CE20 /* ostrich.mp4 */,
				728BCB3627991F9F0055CE20 /* rhino.mp4 */,
				728BCB3927991F9F0055CE20 /* zebra.mp4 */,
			);
			path = Videos;
			sourceTree = "<group>";
		};
		728BCB44279920050055CE20 /* Data */ = {
			isa = PBXGroup;
			children = (
				728BCB46279920190055CE20 /* animals.json */,
				728BCB48279920190055CE20 /* covers.json */,
				728BCB47279920190055CE20 /* locations.json */,
				728BCB45279920190055CE20 /* videos.json */,
			);
			path = Data;
			sourceTree = "<group>";
		};
		728BCB4E279923EB0055CE20 /* App */ = {
			isa = PBXGroup;
			children = (
				728BCB2127988C730055CE20 /* AfricaApp.swift */,
				728BCB2327988C730055CE20 /* ContentView.swift */,
				728BCB4F279924140055CE20 /* GalleryView.swift */,
				728BCB51279924400055CE20 /* MapView.swift */,
				728BCB53279924700055CE20 /* VideoListView.swift */,
				728BCB552799248F0055CE20 /* MainView.swift */,
			);
			path = App;
			sourceTree = "<group>";
		};
/* End PBXGroup section */

/* Begin PBXNativeTarget section */
		728BCB1D27988C730055CE20 /* Africa */ = {
			isa = PBXNativeTarget;
			buildConfigurationList = 728BCB2C27988C770055CE20 /* Build configuration list for PBXNativeTarget "Africa" */;
			buildPhases = (
				728BCB1A27988C730055CE20 /* Sources */,
				728BCB1B27988C730055CE20 /* Frameworks */,
				728BCB1C27988C730055CE20 /* Resources */,
			);
			buildRules = (
			);
			dependencies = (
			);
			name = Africa;
			productName = Africa;
			productReference = 728BCB1E27988C730055CE20 /* Africa.app */;
			productType = "com.apple.product-type.application";
		};
/* End PBXNativeTarget section */

/* Begin PBXProject section */
		728BCB1627988C730055CE20 /* Project object */ = {
			isa = PBXProject;
			attributes = {
				BuildIndependentTargetsInParallel = 1;
				LastSwiftUpdateCheck = 1320;
				LastUpgradeCheck = 1320;
				TargetAttributes = {
					728BCB1D27988C730055CE20 = {
						CreatedOnToolsVersion = 13.2.1;
					};
				};
			};
			buildConfigurationList = 728BCB1927988C730055CE20 /* Build configuration list for PBXProject "Africa" */;
			compatibilityVersion = "Xcode 13.0";
			developmentRegion = en;
			hasScannedForEncodings = 0;
			knownRegions = (
				en,
				Base,
			);
			mainGroup = 728BCB1527988C730055CE20;
			productRefGroup = 728BCB1F27988C730055CE20 /* Products */;
			projectDirPath = "";
			projectRoot = "";
			targets = (
				728BCB1D27988C730055CE20 /* Africa */,
			);
		};
/* End PBXProject section */

/* Begin PBXResourcesBuildPhase section */
		728BCB1C27988C730055CE20 /* Resources */ = {
			isa = PBXResourcesBuildPhase;
			buildActionMask = 2147483647;
			files = (
				728BCB2927988C770055CE20 /* Preview Assets.xcassets in Resources */,
				728BCB3B27991F9F0055CE20 /* lion.mp4 in Resources */,
				728BCB3D27991F9F0055CE20 /* giraffe.mp4 in Resources */,
				728BCB4027991F9F0055CE20 /* rhino.mp4 in Resources */,
				728BCB49279920190055CE20 /* videos.json in Resources */,
				728BCB4C279920190055CE20 /* covers.json in Resources */,
				728BCB4327991F9F0055CE20 /* zebra.mp4 in Resources */,
				728BCB3A27991F9F0055CE20 /* hippo.mp4 in Resources */,
				728BCB4B279920190055CE20 /* locations.json in Resources */,
				728BCB4A279920190055CE20 /* animals.json in Resources */,
				728BCB3C27991F9F0055CE20 /* elephant.mp4 in Resources */,
				728BCB2627988C770055CE20 /* Assets.xcassets in Resources */,
				728BCB3E27991F9F0055CE20 /* cheetah.mp4 in Resources */,
				728BCB4127991F9F0055CE20 /* ostrich.mp4 in Resources */,
				728BCB3F27991F9F0055CE20 /* lioness.mp4 in Resources */,
				728BCB4227991F9F0055CE20 /* gorilla.mp4 in Resources */,
			);
			runOnlyForDeploymentPostprocessing = 0;
		};
/* End PBXResourcesBuildPhase section */

/* Begin PBXSourcesBuildPhase section */
		728BCB1A27988C730055CE20 /* Sources */ = {
			isa = PBXSourcesBuildPhase;
			buildActionMask = 2147483647;
			files = (
				728BCB54279924700055CE20 /* VideoListView.swift in Sources */,
				728BCB562799248F0055CE20 /* MainView.swift in Sources */,
				728BCB2427988C730055CE20 /* ContentView.swift in Sources */,
				728BCB52279924400055CE20 /* MapView.swift in Sources */,
				728BCB50279924140055CE20 /* GalleryView.swift in Sources */,
				728BCB2227988C730055CE20 /* AfricaApp.swift in Sources */,
			);
			runOnlyForDeploymentPostprocessing = 0;
		};
/* End PBXSourcesBuildPhase section */

/* Begin XCBuildConfiguration section */
		728BCB2A27988C770055CE20 /* Debug */ = {
			isa = XCBuildConfiguration;
			buildSettings = {
				ALWAYS_SEARCH_USER_PATHS = NO;
				CLANG_ANALYZER_NONNULL = YES;
				CLANG_ANALYZER_NUMBER_OBJECT_CONVERSION = YES_AGGRESSIVE;
				CLANG_CXX_LANGUAGE_STANDARD = "gnu++17";
				CLANG_CXX_LIBRARY = "libc++";
				CLANG_ENABLE_MODULES = YES;
				CLANG_ENABLE_OBJC_ARC = YES;
				CLANG_ENABLE_OBJC_WEAK = YES;
				CLANG_WARN_BLOCK_CAPTURE_AUTORELEASING = YES;
				CLANG_WARN_BOOL_CONVERSION = YES;
				CLANG_WARN_COMMA = YES;
				CLANG_WARN_CONSTANT_CONVERSION = YES;
				CLANG_WARN_DEPRECATED_OBJC_IMPLEMENTATIONS = YES;
				CLANG_WARN_DIRECT_OBJC_ISA_USAGE = YES_ERROR;
				CLANG_WARN_DOCUMENTATION_COMMENTS = YES;
				CLANG_WARN_EMPTY_BODY = YES;
				CLANG_WARN_ENUM_CONVERSION = YES;
				CLANG_WARN_INFINITE_RECURSION = YES;
				CLANG_WARN_INT_CONVERSION = YES;
				CLANG_WARN_NON_LITERAL_NULL_CONVERSION = YES;
				CLANG_WARN_OBJC_IMPLICIT_RETAIN_SELF = YES;
				CLANG_WARN_OBJC_LITERAL_CONVERSION = YES;
				CLANG_WARN_OBJC_ROOT_CLASS = YES_ERROR;
				CLANG_WARN_QUOTED_INCLUDE_IN_FRAMEWORK_HEADER = YES;
				CLANG_WARN_RANGE_LOOP_ANALYSIS = YES;
				CLANG_WARN_STRICT_PROTOTYPES = YES;
				CLANG_WARN_SUSPICIOUS_MOVE = YES;
				CLANG_WARN_UNGUARDED_AVAILABILITY = YES_AGGRESSIVE;
				CLANG_WARN_UNREACHABLE_CODE = YES;
				CLANG_WARN__DUPLICATE_METHOD_MATCH = YES;
				COPY_PHASE_STRIP = NO;
				DEBUG_INFORMATION_FORMAT = dwarf;
				ENABLE_STRICT_OBJC_MSGSEND = YES;
				ENABLE_TESTABILITY = YES;
				GCC_C_LANGUAGE_STANDARD = gnu11;
				GCC_DYNAMIC_NO_PIC = NO;
				GCC_NO_COMMON_BLOCKS = YES;
				GCC_OPTIMIZATION_LEVEL = 0;
				GCC_PREPROCESSOR_DEFINITIONS = (
					"DEBUG=1",
					"$(inherited)",
				);
				GCC_WARN_64_TO_32_BIT_CONVERSION = YES;
				GCC_WARN_ABOUT_RETURN_TYPE = YES_ERROR;
				GCC_WARN_UNDECLARED_SELECTOR = YES;
				GCC_WARN_UNINITIALIZED_AUTOS = YES_AGGRESSIVE;
				GCC_WARN_UNUSED_FUNCTION = YES;
				GCC_WARN_UNUSED_VARIABLE = YES;
				IPHONEOS_DEPLOYMENT_TARGET = 15.2;
				MTL_ENABLE_DEBUG_INFO = INCLUDE_SOURCE;
				MTL_FAST_MATH = YES;
				ONLY_ACTIVE_ARCH = YES;
				SDKROOT = iphoneos;
				SWIFT_ACTIVE_COMPILATION_CONDITIONS = DEBUG;
				SWIFT_OPTIMIZATION_LEVEL = "-Onone";
			};
			name = Debug;
		};
		728BCB2B27988C770055CE20 /* Release */ = {
			isa = XCBuildConfiguration;
			buildSettings = {
				ALWAYS_SEARCH_USER_PATHS = NO;
				CLANG_ANALYZER_NONNULL = YES;
				CLANG_ANALYZER_NUMBER_OBJECT_CONVERSION = YES_AGGRESSIVE;
				CLANG_CXX_LANGUAGE_STANDARD = "gnu++17";
				CLANG_CXX_LIBRARY = "libc++";
				CLANG_ENABLE_MODULES = YES;
				CLANG_ENABLE_OBJC_ARC = YES;
				CLANG_ENABLE_OBJC_WEAK = YES;
				CLANG_WARN_BLOCK_CAPTURE_AUTORELEASING = YES;
				CLANG_WARN_BOOL_CONVERSION = YES;
				CLANG_WARN_COMMA = YES;
				CLANG_WARN_CONSTANT_CONVERSION = YES;
				CLANG_WARN_DEPRECATED_OBJC_IMPLEMENTATIONS = YES;
				CLANG_WARN_DIRECT_OBJC_ISA_USAGE = YES_ERROR;
				CLANG_WARN_DOCUMENTATION_COMMENTS = YES;
				CLANG_WARN_EMPTY_BODY = YES;
				CLANG_WARN_ENUM_CONVERSION = YES;
				CLANG_WARN_INFINITE_RECURSION = YES;
				CLANG_WARN_INT_CONVERSION = YES;
				CLANG_WARN_NON_LITERAL_NULL_CONVERSION = YES;
				CLANG_WARN_OBJC_IMPLICIT_RETAIN_SELF = YES;
				CLANG_WARN_OBJC_LITERAL_CONVERSION = YES;
				CLANG_WARN_OBJC_ROOT_CLASS = YES_ERROR;
				CLANG_WARN_QUOTED_INCLUDE_IN_FRAMEWORK_HEADER = YES;
				CLANG_WARN_RANGE_LOOP_ANALYSIS = YES;
				CLANG_WARN_STRICT_PROTOTYPES = YES;
				CLANG_WARN_SUSPICIOUS_MOVE = YES;
				CLANG_WARN_UNGUARDED_AVAILABILITY = YES_AGGRESSIVE;
				CLANG_WARN_UNREACHABLE_CODE = YES;
				CLANG_WARN__DUPLICATE_METHOD_MATCH = YES;
				COPY_PHASE_STRIP = NO;
				DEBUG_INFORMATION_FORMAT = "dwarf-with-dsym";
				ENABLE_NS_ASSERTIONS = NO;
				ENABLE_STRICT_OBJC_MSGSEND = YES;
				GCC_C_LANGUAGE_STANDARD = gnu11;
				GCC_NO_COMMON_BLOCKS = YES;
				GCC_WARN_64_TO_32_BIT_CONVERSION = YES;
				GCC_WARN_ABOUT_RETURN_TYPE = YES_ERROR;
				GCC_WARN_UNDECLARED_SELECTOR = YES;
				GCC_WARN_UNINITIALIZED_AUTOS = YES_AGGRESSIVE;
				GCC_WARN_UNUSED_FUNCTION = YES;
				GCC_WARN_UNUSED_VARIABLE = YES;
				IPHONEOS_DEPLOYMENT_TARGET = 15.2;
				MTL_ENABLE_DEBUG_INFO = NO;
				MTL_FAST_MATH = YES;
				SDKROOT = iphoneos;
				SWIFT_COMPILATION_MODE = wholemodule;
				SWIFT_OPTIMIZATION_LEVEL = "-O";
				VALIDATE_PRODUCT = YES;
			};
			name = Release;
		};
		728BCB2D27988C770055CE20 /* Debug */ = {
			isa = XCBuildConfiguration;
			buildSettings = {
				ASSETCATALOG_COMPILER_APPICON_NAME = AppIcon;
				ASSETCATALOG_COMPILER_GLOBAL_ACCENT_COLOR_NAME = AccentColor;
				CODE_SIGN_STYLE = Automatic;
				CURRENT_PROJECT_VERSION = 1;
				DEVELOPMENT_ASSET_PATHS = "\"Africa/Preview Content\"";
				ENABLE_PREVIEWS = YES;
				GENERATE_INFOPLIST_FILE = YES;
				INFOPLIST_FILE = Africa/Info.plist;
				INFOPLIST_KEY_UIApplicationSceneManifest_Generation = YES;
				INFOPLIST_KEY_UIApplicationSupportsIndirectInputEvents = YES;
				INFOPLIST_KEY_UISupportedInterfaceOrientations_iPad = "UIInterfaceOrientationPortrait UIInterfaceOrientationPortraitUpsideDown UIInterfaceOrientationLandscapeLeft UIInterfaceOrientationLandscapeRight";
				INFOPLIST_KEY_UISupportedInterfaceOrientations_iPhone = "UIInterfaceOrientationPortrait UIInterfaceOrientationLandscapeLeft UIInterfaceOrientationLandscapeRight";
				INFOPLIST_KEY_UIUserInterfaceStyle = Dark;
				LD_RUNPATH_SEARCH_PATHS = (
					"$(inherited)",
					"@executable_path/Frameworks",
				);
				MARKETING_VERSION = 1.0;
				PRODUCT_BUNDLE_IDENTIFIER = com.inversei.Africa;
				PRODUCT_NAME = "$(TARGET_NAME)";
				SWIFT_EMIT_LOC_STRINGS = YES;
				SWIFT_VERSION = 5.0;
				TARGETED_DEVICE_FAMILY = "1,2";
			};
			name = Debug;
		};
		728BCB2E27988C770055CE20 /* Release */ = {
			isa = XCBuildConfiguration;
			buildSettings = {
				ASSETCATALOG_COMPILER_APPICON_NAME = AppIcon;
				ASSETCATALOG_COMPILER_GLOBAL_ACCENT_COLOR_NAME = AccentColor;
				CODE_SIGN_STYLE = Automatic;
				CURRENT_PROJECT_VERSION = 1;
				DEVELOPMENT_ASSET_PATHS = "\"Africa/Preview Content\"";
				ENABLE_PREVIEWS = YES;
				GENERATE_INFOPLIST_FILE = YES;
				INFOPLIST_FILE = Africa/Info.plist;
				INFOPLIST_KEY_UIApplicationSceneManifest_Generation = YES;
				INFOPLIST_KEY_UIApplicationSupportsIndirectInputEvents = YES;
				INFOPLIST_KEY_UISupportedInterfaceOrientations_iPad = "UIInterfaceOrientationPortrait UIInterfaceOrientationPortraitUpsideDown UIInterfaceOrientationLandscapeLeft UIInterfaceOrientationLandscapeRight";
				INFOPLIST_KEY_UISupportedInterfaceOrientations_iPhone = "UIInterfaceOrientationPortrait UIInterfaceOrientationLandscapeLeft UIInterfaceOrientationLandscapeRight";
				INFOPLIST_KEY_UIUserInterfaceStyle = Dark;
				LD_RUNPATH_SEARCH_PATHS = (
					"$(inherited)",
					"@executable_path/Frameworks",
				);
				MARKETING_VERSION = 1.0;
				PRODUCT_BUNDLE_IDENTIFIER = com.inversei.Africa;
				PRODUCT_NAME = "$(TARGET_NAME)";
				SWIFT_EMIT_LOC_STRINGS = YES;
				SWIFT_VERSION = 5.0;
				TARGETED_DEVICE_FAMILY = "1,2";
			};
			name = Release;
		};
/* End XCBuildConfiguration section */

/* Begin XCConfigurationList section */
		728BCB1927988C730055CE20 /* Build configuration list for PBXProject "Africa" */ = {
			isa = XCConfigurationList;
			buildConfigurations = (
				728BCB2A27988C770055CE20 /* Debug */,
				728BCB2B27988C770055CE20 /* Release */,
			);
			defaultConfigurationIsVisible = 0;
			defaultConfigurationName = Release;
		};
		728BCB2C27988C770055CE20 /* Build configuration list for PBXNativeTarget "Africa" */ = {
			isa = XCConfigurationList;
			buildConfigurations = (
				728BCB2D27988C770055CE20 /* Debug */,
				728BCB2E27988C770055CE20 /* Release */,
			);
			defaultConfigurationIsVisible = 0;
			defaultConfigurationName = Release;
		};
/* End XCConfigurationList section */
	};
	rootObject = 728BCB1627988C730055CE20 /* Project object */;
}
